
Microsoft Visual Studio Solution File, Format Version 12.00
# Visual Studio Version 17
VisualStudioVersion = 17.8.34330.188
MinimumVisualStudioVersion = 10.0.40219.1
Project("{9A19103F-16F7-4668-BE54-9A1E7A4F7556}") = "CodeStream", "CodeStream\CodeStream.csproj", "{2DC7CBB9-719A-47C5-9684-495A033CCF9D}"
EndProject
Global
	GlobalSection(SolutionConfigurationPlatforms) = preSolution
		Debug|Any CPU = Debug|Any CPU
		Release|Any CPU = Release|Any CPU
	EndGlobalSection
	GlobalSection(ProjectConfigurationPlatforms) = postSolution
		{2DC7CBB9-719A-47C5-9684-495A033CCF9D}.Debug|Any CPU.ActiveCfg = Debug|Any CPU
		{2DC7CBB9-719A-47C5-9684-495A033CCF9D}.Debug|Any CPU.Build.0 = Debug|Any CPU
		{2DC7CBB9-719A-47C5-9684-495A033CCF9D}.Release|Any CPU.ActiveCfg = Release|Any CPU
		{2DC7CBB9-719A-47C5-9684-495A033CCF9D}.Release|Any CPU.Build.0 = Release|Any CPU
	EndGlobalSection
	GlobalSection(SolutionProperties) = preSolution
		HideSolutionNode = FALSE
	EndGlobalSection
	GlobalSection(ExtensibilityGlobals) = postSolution
		SolutionGuid = {1A352CA1-F924-43E7-B64F-B9C3DA7250AA}
	EndGlobalSection
EndGlobal
